PODS:
  - Alamofire (5.0.0-beta.6)
  - SnapKit (5.0.0)

DEPENDENCIES:
  - Alamofire (~> 5.0.0-beta.5)
  - SnapKit

SPEC REPOS:
  https://github.com/cocoapods/specs.git:
    - Alamofire
    - SnapKit

SPEC CHECKSUMS:
  Alamofire: cd08a4402bd12cacd0c66f23fb12fec8d6b965e4
  SnapKit: fd22d10eb9aff484d79a8724eab922c1ddf89bcf

PODFILE CHECKSUM: 4a48b1a85740bc64bddaf3ba841efaa857412095

COCOAPODS: 1.6.1
